
Microsoft Visual Studio Solution File, Format Version 12.00
# Visual Studio 15
VisualStudioVersion = 15.0.27130.2010
MinimumVisualStudioVersion = 10.0.40219.1
Project("{FAE04EC0-301F-11D3-BF4B-00C04F79EFBC}") = "TechnitiumLibrary.Database", "TechnitiumLibrary.Database\TechnitiumLibrary.Database.csproj", "{01B4AF8A-DF03-40F7-9B5D-438C649B2B1D}"
EndProject
Project("{FAE04EC0-301F-11D3-BF4B-00C04F79EFBC}") = "TechnitiumLibrary.Database.WebDatabase", "TechnitiumLibrary.Database.WebDatabase\TechnitiumLibrary.Database.WebDatabase.csproj", "{128148A3-2EAB-4368-9D2F-FAC5D6BC6DBA}"
EndProject
Project("{FAE04EC0-301F-11D3-BF4B-00C04F79EFBC}") = "TechnitiumLibrary.Database.WebDatabase.Client", "TechnitiumLibrary.Database.WebDatabase.Client\TechnitiumLibrary.Database.WebDatabase.Client.csproj", "{0B1E2526-F2CA-4D70-A7AD-97CA65337928}"
EndProject
Project("{FAE04EC0-301F-11D3-BF4B-00C04F79EFBC}") = "TechnitiumLibrary.Database.WebDatabase.Server", "TechnitiumLibrary.Database.WebDatabase.Server\TechnitiumLibrary.Database.WebDatabase.Server.csproj", "{FEE7A5E9-57EC-4C70-B48D-1F4158C508B4}"
EndProject
Project("{9A19103F-16F7-4668-BE54-9A1E7A4F7556}") = "TechnitiumLibrary.IO", "TechnitiumLibrary.IO\TechnitiumLibrary.IO.csproj", "{E0BA5456-FEAA-4380-92BB-6B1C4BC3DC70}"
EndProject
Project("{9A19103F-16F7-4668-BE54-9A1E7A4F7556}") = "TechnitiumLibrary.Net", "TechnitiumLibrary.Net\TechnitiumLibrary.Net.csproj", "{C8293A12-5A6A-4F53-BEBE-35A6D37BD891}"
EndProject
Project("{9A19103F-16F7-4668-BE54-9A1E7A4F7556}") = "TechnitiumLibrary.Net.BitTorrent", "TechnitiumLibrary.Net.BitTorrent\TechnitiumLibrary.Net.BitTorrent.csproj", "{14942D60-8899-42C8-B315-56190940CD15}"
EndProject
Project("{FAE04EC0-301F-11D3-BF4B-00C04F79EFBC}") = "TechnitiumLibrary.Net.Firewall", "TechnitiumLibrary.Net.Firewall\TechnitiumLibrary.Net.Firewall.csproj", "{A5E9FCC4-3532-4F48-B3C1-C646F398FD8E}"
EndProject
Project("{9A19103F-16F7-4668-BE54-9A1E7A4F7556}") = "TechnitiumLibrary.Net.Mail", "TechnitiumLibrary.Net.Mail\TechnitiumLibrary.Net.Mail.csproj", "{2CC93DE0-3FD9-4523-829A-D06B41965FF7}"
EndProject
Project("{9A19103F-16F7-4668-BE54-9A1E7A4F7556}") = "TechnitiumLibrary.Net.UPnP", "TechnitiumLibrary.Net.UPnP\TechnitiumLibrary.Net.UPnP.csproj", "{CFEF58DD-0180-4D09-93DA-EB78C3DD3690}"
EndProject
Project("{9A19103F-16F7-4668-BE54-9A1E7A4F7556}") = "TechnitiumLibrary.Security.Cryptography", "TechnitiumLibrary.Security.Cryptography\TechnitiumLibrary.Security.Cryptography.csproj", "{ACB43A30-C026-4E03-BA6E-CB3316F28CF3}"
EndProject
Project("{FAE04EC0-301F-11D3-BF4B-00C04F79EFBC}") = "TechnitiumLibrary.BTree", "TechnitiumLibrary.BTree\TechnitiumLibrary.BTree.csproj", "{03816AB5-4537-4365-8946-E8972EC7906F}"
EndProject
Project("{9A19103F-16F7-4668-BE54-9A1E7A4F7556}") = "TechnitiumLibrary.Net.Tor", "TechnitiumLibrary.Net.Tor\TechnitiumLibrary.Net.Tor.csproj", "{03A2ECB0-BC8A-4FAB-A9CE-9D50EF34A546}"
EndProject
Project("{FAE04EC0-301F-11D3-BF4B-00C04F79EFBC}") = "TechnitiumLibrary.Security.Cryptography.EllipticCurve", "TechnitiumLibrary.Security.Cryptography.EllipticCurve\TechnitiumLibrary.Security.Cryptography.EllipticCurve.csproj", "{888D0328-D6F1-4CA8-88A6-F77D59F23CF2}"
EndProject
Global
	GlobalSection(SolutionConfigurationPlatforms) = preSolution
		Debug|Any CPU = Debug|Any CPU
		Release|Any CPU = Release|Any CPU
	EndGlobalSection
	GlobalSection(ProjectConfigurationPlatforms) = postSolution
		{01B4AF8A-DF03-40F7-9B5D-438C649B2B1D}.Debug|Any CPU.ActiveCfg = Debug|Any CPU
		{01B4AF8A-DF03-40F7-9B5D-438C649B2B1D}.Debug|Any CPU.Build.0 = Debug|Any CPU
		{01B4AF8A-DF03-40F7-9B5D-438C649B2B1D}.Release|Any CPU.ActiveCfg = Release|Any CPU
		{01B4AF8A-DF03-40F7-9B5D-438C649B2B1D}.Release|Any CPU.Build.0 = Release|Any CPU
		{128148A3-2EAB-4368-9D2F-FAC5D6BC6DBA}.Debug|Any CPU.ActiveCfg = Debug|Any CPU
		{128148A3-2EAB-4368-9D2F-FAC5D6BC6DBA}.Debug|Any CPU.Build.0 = Debug|Any CPU
		{128148A3-2EAB-4368-9D2F-FAC5D6BC6DBA}.Release|Any CPU.ActiveCfg = Release|Any CPU
		{128148A3-2EAB-4368-9D2F-FAC5D6BC6DBA}.Release|Any CPU.Build.0 = Release|Any CPU
		{0B1E2526-F2CA-4D70-A7AD-97CA65337928}.Debug|Any CPU.ActiveCfg = Debug|Any CPU
		{0B1E2526-F2CA-4D70-A7AD-97CA65337928}.Debug|Any CPU.Build.0 = Debug|Any CPU
		{0B1E2526-F2CA-4D70-A7AD-97CA65337928}.Release|Any CPU.ActiveCfg = Release|Any CPU
		{0B1E2526-F2CA-4D70-A7AD-97CA65337928}.Release|Any CPU.Build.0 = Release|Any CPU
		{FEE7A5E9-57EC-4C70-B48D-1F4158C508B4}.Debug|Any CPU.ActiveCfg = Debug|Any CPU
		{FEE7A5E9-57EC-4C70-B48D-1F4158C508B4}.Debug|Any CPU.Build.0 = Debug|Any CPU
		{FEE7A5E9-57EC-4C70-B48D-1F4158C508B4}.Release|Any CPU.ActiveCfg = Release|Any CPU
		{FEE7A5E9-57EC-4C70-B48D-1F4158C508B4}.Release|Any CPU.Build.0 = Release|Any CPU
		{E0BA5456-FEAA-4380-92BB-6B1C4BC3DC70}.Debug|Any CPU.ActiveCfg = Debug|Any CPU
		{E0BA5456-FEAA-4380-92BB-6B1C4BC3DC70}.Debug|Any CPU.Build.0 = Debug|Any CPU
		{E0BA5456-FEAA-4380-92BB-6B1C4BC3DC70}.Release|Any CPU.ActiveCfg = Release|Any CPU
		{E0BA5456-FEAA-4380-92BB-6B1C4BC3DC70}.Release|Any CPU.Build.0 = Release|Any CPU
		{C8293A12-5A6A-4F53-BEBE-35A6D37BD891}.Debug|Any CPU.ActiveCfg = Debug|Any CPU
		{C8293A12-5A6A-4F53-BEBE-35A6D37BD891}.Debug|Any CPU.Build.0 = Debug|Any CPU
		{C8293A12-5A6A-4F53-BEBE-35A6D37BD891}.Release|Any CPU.ActiveCfg = Release|Any CPU
		{C8293A12-5A6A-4F53-BEBE-35A6D37BD891}.Release|Any CPU.Build.0 = Release|Any CPU
		{14942D60-8899-42C8-B315-56190940CD15}.Debug|Any CPU.ActiveCfg = Debug|Any CPU
		{14942D60-8899-42C8-B315-56190940CD15}.Debug|Any CPU.Build.0 = Debug|Any CPU
		{14942D60-8899-42C8-B315-56190940CD15}.Release|Any CPU.ActiveCfg = Release|Any CPU
		{14942D60-8899-42C8-B315-56190940CD15}.Release|Any CPU.Build.0 = Release|Any CPU
		{A5E9FCC4-3532-4F48-B3C1-C646F398FD8E}.Debug|Any CPU.ActiveCfg = Debug|Any CPU
		{A5E9FCC4-3532-4F48-B3C1-C646F398FD8E}.Debug|Any CPU.Build.0 = Debug|Any CPU
		{A5E9FCC4-3532-4F48-B3C1-C646F398FD8E}.Release|Any CPU.ActiveCfg = Release|Any CPU
		{A5E9FCC4-3532-4F48-B3C1-C646F398FD8E}.Release|Any CPU.Build.0 = Release|Any CPU
		{2CC93DE0-3FD9-4523-829A-D06B41965FF7}.Debug|Any CPU.ActiveCfg = Debug|Any CPU
		{2CC93DE0-3FD9-4523-829A-D06B41965FF7}.Debug|Any CPU.Build.0 = Debug|Any CPU
		{2CC93DE0-3FD9-4523-829A-D06B41965FF7}.Release|Any CPU.ActiveCfg = Release|Any CPU
		{2CC93DE0-3FD9-4523-829A-D06B41965FF7}.Release|Any CPU.Build.0 = Release|Any CPU
		{CFEF58DD-0180-4D09-93DA-EB78C3DD3690}.Debug|Any CPU.ActiveCfg = Debug|Any CPU
		{CFEF58DD-0180-4D09-93DA-EB78C3DD3690}.Debug|Any CPU.Build.0 = Debug|Any CPU
		{CFEF58DD-0180-4D09-93DA-EB78C3DD3690}.Release|Any CPU.ActiveCfg = Release|Any CPU
		{CFEF58DD-0180-4D09-93DA-EB78C3DD3690}.Release|Any CPU.Build.0 = Release|Any CPU
		{ACB43A30-C026-4E03-BA6E-CB3316F28CF3}.Debug|Any CPU.ActiveCfg = Debug|Any CPU
		{ACB43A30-C026-4E03-BA6E-CB3316F28CF3}.Debug|Any CPU.Build.0 = Debug|Any CPU
		{ACB43A30-C026-4E03-BA6E-CB3316F28CF3}.Release|Any CPU.ActiveCfg = Release|Any CPU
		{ACB43A30-C026-4E03-BA6E-CB3316F28CF3}.Release|Any CPU.Build.0 = Release|Any CPU
		{03816AB5-4537-4365-8946-E8972EC7906F}.Debug|Any CPU.ActiveCfg = Debug|Any CPU
		{03816AB5-4537-4365-8946-E8972EC7906F}.Debug|Any CPU.Build.0 = Debug|Any CPU
		{03816AB5-4537-4365-8946-E8972EC7906F}.Release|Any CPU.ActiveCfg = Release|Any CPU
		{03816AB5-4537-4365-8946-E8972EC7906F}.Release|Any CPU.Build.0 = Release|Any CPU
		{03A2ECB0-BC8A-4FAB-A9CE-9D50EF34A546}.Debug|Any CPU.ActiveCfg = Debug|Any CPU
		{03A2ECB0-BC8A-4FAB-A9CE-9D50EF34A546}.Debug|Any CPU.Build.0 = Debug|Any CPU
		{03A2ECB0-BC8A-4FAB-A9CE-9D50EF34A546}.Release|Any CPU.ActiveCfg = Release|Any CPU
		{03A2ECB0-BC8A-4FAB-A9CE-9D50EF34A546}.Release|Any CPU.Build.0 = Release|Any CPU
		{888D0328-D6F1-4CA8-88A6-F77D59F23CF2}.Debug|Any CPU.ActiveCfg = Debug|Any CPU
		{888D0328-D6F1-4CA8-88A6-F77D59F23CF2}.Debug|Any CPU.Build.0 = Debug|Any CPU
		{888D0328-D6F1-4CA8-88A6-F77D59F23CF2}.Release|Any CPU.ActiveCfg = Release|Any CPU
		{888D0328-D6F1-4CA8-88A6-F77D59F23CF2}.Release|Any CPU.Build.0 = Release|Any CPU
	EndGlobalSection
	GlobalSection(SolutionProperties) = preSolution
		HideSolutionNode = FALSE
	EndGlobalSection
	GlobalSection(ExtensibilityGlobals) = postSolution
		SolutionGuid = {ED524DE4-61DD-45A1-A364-650526E65BF9}
	EndGlobalSection
EndGlobal
